# This file is automatically @generated by Poetry and should not be changed by hand.

[[package]]
name = "requests"
version = "2.19.1"
description = "Python HTTP for Humans."
category = "main"
optional = false
python-versions = "*"

[[package]]
name = "urllib3"
version = "1.24.1"
description = "HTTP library with thread-safe connection pooling."
category = "main"
optional = false
python-versions = "*"

[[package]]
name = "Flask"
version = "2.0.0"
description = "A simple framework for building complex web applications."
category = "main"
optional = false
python-versions = ">=3.6"

[metadata]
lock-version = "1.1"
python-versions = "^3.11"
content-hash = "abc123"
